// !$*UTF8*$!
{
	archiveVersion = 1;
	classes = {
	};
	objectVersion = 50;
	objects = {

/* Begin PBXBuildFile section */
		1653AD49252E94EA009F6BB8 /* CS193p_Lecture2App.swift in Sources */ = {isa = PBXBuildFile; fileRef = 1653AD48252E94EA009F6BB8 /* CS193p_Lecture2App.swift */; };
		1653AD4B252E94EA009F6BB8 /* CS193p_Lecture2Document.swift in Sources */ = {isa = PBXBuildFile; fileRef = 1653AD4A252E94EA009F6BB8 /* CS193p_Lecture2Document.swift */; };
		1653AD4D252E94EA009F6BB8 /* ContentView.swift in Sources */ = {isa = PBXBuildFile; fileRef = 1653AD4C252E94EA009F6BB8 /* ContentView.swift */; };
		1653AD4F252E94EE009F6BB8 /* Assets.xcassets in Resources */ = {isa = PBXBuildFile; fileRef = 1653AD4E252E94EE009F6BB8 /* Assets.xcassets */; };
		1653AD52252E94EE009F6BB8 /* Preview Assets.xcassets in Resources */ = {isa = PBXBuildFile; fileRef = 1653AD51252E94EE009F6BB8 /* Preview Assets.xcassets */; };
		1653AD5C2530372E009F6BB8 /* MemoryGame.swift in Sources */ = {isa = PBXBuildFile; fileRef = 1653AD5B2530372E009F6BB8 /* MemoryGame.swift */; };
		1653AD5F25303D68009F6BB8 /* EmojiMemoryGame.swift in Sources */ = {isa = PBXBuildFile; fileRef = 1653AD5E25303D68009F6BB8 /* EmojiMemoryGame.swift */; };
/* End PBXBuildFile section */

/* Begin PBXFileReference section */
		1653AD45252E94EA009F6BB8 /* CS193p Lecture2.app */ = {isa = PBXFileReference; explicitFileType = wrapper.application; includeInIndex = 0; path = "CS193p Lecture2.app"; sourceTree = BUILT_PRODUCTS_DIR; };
		1653AD48252E94EA009F6BB8 /* CS193p_Lecture2App.swift */ = {isa = PBXFileReference; lastKnownFileType = sourcecode.swift; path = CS193p_Lecture2App.swift; sourceTree = "<group>"; };
		1653AD4A252E94EA009F6BB8 /* CS193p_Lecture2Document.swift */ = {isa = PBXFileReference; lastKnownFileType = sourcecode.swift; path = CS193p_Lecture2Document.swift; sourceTree = "<group>"; };
		1653AD4C252E94EA009F6BB8 /* ContentView.swift */ = {isa = PBXFileReference; lastKnownFileType = sourcecode.swift; path = ContentView.swift; sourceTree = "<group>"; };
		1653AD4E252E94EE009F6BB8 /* Assets.xcassets */ = {isa = PBXFileReference; lastKnownFileType = folder.assetcatalog; path = Assets.xcassets; sourceTree = "<group>"; };
		1653AD51252E94EE009F6BB8 /* Preview Assets.xcassets */ = {isa = PBXFileReference; lastKnownFileType = folder.assetcatalog; path = "Preview Assets.xcassets"; sourceTree = "<group>"; };
		1653AD53252E94EE009F6BB8 /* Info.plist */ = {isa = PBXFileReference; lastKnownFileType = text.plist.xml; path = Info.plist; sourceTree = "<group>"; };
		1653AD5B2530372E009F6BB8 /* MemoryGame.swift */ = {isa = PBXFileReference; lastKnownFileType = sourcecode.swift; path = MemoryGame.swift; sourceTree = "<group>"; };
		1653AD5E25303D68009F6BB8 /* EmojiMemoryGame.swift */ = {isa = PBXFileReference; lastKnownFileType = sourcecode.swift; path = EmojiMemoryGame.swift; sourceTree = "<group>"; };
/* End PBXFileReference section */

/* Begin PBXFrameworksBuildPhase section */
		1653AD42252E94EA009F6BB8 /* Frameworks */ = {
			isa = PBXFrameworksBuildPhase;
			buildActionMask = 2147483647;
			files = (
			);
			runOnlyForDeploymentPostprocessing = 0;
		};
/* End PBXFrameworksBuildPhase section */

/* Begin PBXGroup section */
		1653AD3C252E94EA009F6BB8 = {
			isa = PBXGroup;
			children = (
				1653AD47252E94EA009F6BB8 /* CS193p Lecture2 */,
				1653AD46252E94EA009F6BB8 /* Products */,
			);
			sourceTree = "<group>";
		};
		1653AD46252E94EA009F6BB8 /* Products */ = {
			isa = PBXGroup;
			children = (
				1653AD45252E94EA009F6BB8 /* CS193p Lecture2.app */,
			);
			name = Products;
			sourceTree = "<group>";
		};
		1653AD47252E94EA009F6BB8 /* CS193p Lecture2 */ = {
			isa = PBXGroup;
			children = (
				1653AD48252E94EA009F6BB8 /* CS193p_Lecture2App.swift */,
				1653AD4A252E94EA009F6BB8 /* CS193p_Lecture2Document.swift */,
				1653AD4C252E94EA009F6BB8 /* ContentView.swift */,
				1653AD5E25303D68009F6BB8 /* EmojiMemoryGame.swift */,
				1653AD5B2530372E009F6BB8 /* MemoryGame.swift */,
				1653AD4E252E94EE009F6BB8 /* Assets.xcassets */,
				1653AD53252E94EE009F6BB8 /* Info.plist */,
				1653AD50252E94EE009F6BB8 /* Preview Content */,
			);
			path = "CS193p Lecture2";
			sourceTree = "<group>";
		};
		1653AD50252E94EE009F6BB8 /* Preview Content */ = {
			isa = PBXGroup;
			children = (
				1653AD51252E94EE009F6BB8 /* Preview Assets.xcassets */,
			);
			path = "Preview Content";
			sourceTree = "<group>";
		};
/* End PBXGroup section */

/* Begin PBXNativeTarget section */
		1653AD44252E94EA009F6BB8 /* CS193p Lecture2 */ = {
			isa = PBXNativeTarget;
			buildConfigurationList = 1653AD56252E94EE009F6BB8 /* Build configuration list for PBXNativeTarget "CS193p Lecture2" */;
			buildPhases = (
				1653AD41252E94EA009F6BB8 /* Sources */,
				1653AD42252E94EA009F6BB8 /* Frameworks */,
				1653AD43252E94EA009F6BB8 /* Resources */,
			);
			buildRules = (
			);
			dependencies = (
			);
			name = "CS193p Lecture2";
			productName = "CS193p Lecture2";
			productReference = 1653AD45252E94EA009F6BB8 /* CS193p Lecture2.app */;
			productType = "com.apple.product-type.application";
		};
/* End PBXNativeTarget section */

/* Begin PBXProject section */
		1653AD3D252E94EA009F6BB8 /* Project object */ = {
			isa = PBXProject;
			attributes = {
				LastSwiftUpdateCheck = 1200;
				LastUpgradeCheck = 1200;
				TargetAttributes = {
					1653AD44252E94EA009F6BB8 = {
						CreatedOnToolsVersion = 12.0.1;
					};
				};
			};
			buildConfigurationList = 1653AD40252E94EA009F6BB8 /* Build configuration list for PBXProject "CS193p Lecture2" */;
			compatibilityVersion = "Xcode 9.3";
			developmentRegion = en;
			hasScannedForEncodings = 0;
			knownRegions = (
				en,
				Base,
			);
			mainGroup = 1653AD3C252E94EA009F6BB8;
			productRefGroup = 1653AD46252E94EA009F6BB8 /* Products */;
			projectDirPath = "";
			projectRoot = "";
			targets = (
				1653AD44252E94EA009F6BB8 /* CS193p Lecture2 */,
			);
		};
/* End PBXProject section */

/* Begin PBXResourcesBuildPhase section */
		1653AD43252E94EA009F6BB8 /* Resources */ = {
			isa = PBXResourcesBuildPhase;
			buildActionMask = 2147483647;
			files = (
				1653AD52252E94EE009F6BB8 /* Preview Assets.xcassets in Resources */,
				1653AD4F252E94EE009F6BB8 /* Assets.xcassets in Resources */,
			);
			runOnlyForDeploymentPostprocessing = 0;
		};
/* End PBXResourcesBuildPhase section */

/* Begin PBXSourcesBuildPhase section */
		1653AD41252E94EA009F6BB8 /* Sources */ = {
			isa = PBXSourcesBuildPhase;
			buildActionMask = 2147483647;
			files = (
				1653AD49252E94EA009F6BB8 /* CS193p_Lecture2App.swift in Sources */,
				1653AD4B252E94EA009F6BB8 /* CS193p_Lecture2Document.swift in Sources */,
				1653AD5C2530372E009F6BB8 /* MemoryGame.swift in Sources */,
				1653AD4D252E94EA009F6BB8 /* ContentView.swift in Sources */,
				1653AD5F25303D68009F6BB8 /* EmojiMemoryGame.swift in Sources */,
			);
			runOnlyForDeploymentPostprocessing = 0;
		};
/* End PBXSourcesBuildPhase section */

/* Begin XCBuildConfiguration section */
		1653AD54252E94EE009F6BB8 /* Debug */ = {
			isa = XCBuildConfiguration;
			buildSettings = {
				ALWAYS_SEARCH_USER_PATHS = NO;
				CLANG_ANALYZER_NONNULL = YES;
				CLANG_ANALYZER_NUMBER_OBJECT_CONVERSION = YES_AGGRESSIVE;
				CLANG_CXX_LANGUAGE_STANDARD = "gnu++14";
				CLANG_CXX_LIBRARY = "libc++";
				CLANG_ENABLE_MODULES = YES;
				CLANG_ENABLE_OBJC_ARC = YES;
				CLANG_ENABLE_OBJC_WEAK = YES;
				CLANG_WARN_BLOCK_CAPTURE_AUTORELEASING = YES;
				CLANG_WARN_BOOL_CONVERSION = YES;
				CLANG_WARN_COMMA = YES;
				CLANG_WARN_CONSTANT_CONVERSION = YES;
				CLANG_WARN_DEPRECATED_OBJC_IMPLEMENTATIONS = YES;
				CLANG_WARN_DIRECT_OBJC_ISA_USAGE = YES_ERROR;
				CLANG_WARN_DOCUMENTATION_COMMENTS = YES;
				CLANG_WARN_EMPTY_BODY = YES;
				CLANG_WARN_ENUM_CONVERSION = YES;
				CLANG_WARN_INFINITE_RECURSION = YES;
				CLANG_WARN_INT_CONVERSION = YES;
				CLANG_WARN_NON_LITERAL_NULL_CONVERSION = YES;
				CLANG_WARN_OBJC_IMPLICIT_RETAIN_SELF = YES;
				CLANG_WARN_OBJC_LITERAL_CONVERSION = YES;
				CLANG_WARN_OBJC_ROOT_CLASS = YES_ERROR;
				CLANG_WARN_QUOTED_INCLUDE_IN_FRAMEWORK_HEADER = YES;
				CLANG_WARN_RANGE_LOOP_ANALYSIS = YES;
				CLANG_WARN_STRICT_PROTOTYPES = YES;
				CLANG_WARN_SUSPICIOUS_MOVE = YES;
				CLANG_WARN_UNGUARDED_AVAILABILITY = YES_AGGRESSIVE;
				CLANG_WARN_UNREACHABLE_CODE = YES;
				CLANG_WARN__DUPLICATE_METHOD_MATCH = YES;
				COPY_PHASE_STRIP = NO;
				DEBUG_INFORMATION_FORMAT = dwarf;
				ENABLE_STRICT_OBJC_MSGSEND = YES;
				ENABLE_TESTABILITY = YES;
				GCC_C_LANGUAGE_STANDARD = gnu11;
				GCC_DYNAMIC_NO_PIC = NO;
				GCC_NO_COMMON_BLOCKS = YES;
				GCC_OPTIMIZATION_LEVEL = 0;
				GCC_PREPROCESSOR_DEFINITIONS = (
					"DEBUG=1",
					"$(inherited)",
				);
				GCC_WARN_64_TO_32_BIT_CONVERSION = YES;
				GCC_WARN_ABOUT_RETURN_TYPE = YES_ERROR;
				GCC_WARN_UNDECLARED_SELECTOR = YES;
				GCC_WARN_UNINITIALIZED_AUTOS = YES_AGGRESSIVE;
				GCC_WARN_UNUSED_FUNCTION = YES;
				GCC_WARN_UNUSED_VARIABLE = YES;
				IPHONEOS_DEPLOYMENT_TARGET = 14.0;
				MTL_ENABLE_DEBUG_INFO = INCLUDE_SOURCE;
				MTL_FAST_MATH = YES;
				ONLY_ACTIVE_ARCH = YES;
				SDKROOT = iphoneos;
				SWIFT_ACTIVE_COMPILATION_CONDITIONS = DEBUG;
				SWIFT_OPTIMIZATION_LEVEL = "-Onone";
			};
			name = Debug;
		};
		1653AD55252E94EE009F6BB8 /* Release */ = {
			isa = XCBuildConfiguration;
			buildSettings = {
				ALWAYS_SEARCH_USER_PATHS = NO;
				CLANG_ANALYZER_NONNULL = YES;
				CLANG_ANALYZER_NUMBER_OBJECT_CONVERSION = YES_AGGRESSIVE;
				CLANG_CXX_LANGUAGE_STANDARD = "gnu++14";
				CLANG_CXX_LIBRARY = "libc++";
				CLANG_ENABLE_MODULES = YES;
				CLANG_ENABLE_OBJC_ARC = YES;
				CLANG_ENABLE_OBJC_WEAK = YES;
				CLANG_WARN_BLOCK_CAPTURE_AUTORELEASING = YES;
				CLANG_WARN_BOOL_CONVERSION = YES;
				CLANG_WARN_COMMA = YES;
				CLANG_WARN_CONSTANT_CONVERSION = YES;
				CLANG_WARN_DEPRECATED_OBJC_IMPLEMENTATIONS = YES;
				CLANG_WARN_DIRECT_OBJC_ISA_USAGE = YES_ERROR;
				CLANG_WARN_DOCUMENTATION_COMMENTS = YES;
				CLANG_WARN_EMPTY_BODY = YES;
				CLANG_WARN_ENUM_CONVERSION = YES;
				CLANG_WARN_INFINITE_RECURSION = YES;
				CLANG_WARN_INT_CONVERSION = YES;
				CLANG_WARN_NON_LITERAL_NULL_CONVERSION = YES;
				CLANG_WARN_OBJC_IMPLICIT_RETAIN_SELF = YES;
				CLANG_WARN_OBJC_LITERAL_CONVERSION = YES;
				CLANG_WARN_OBJC_ROOT_CLASS = YES_ERROR;
				CLANG_WARN_QUOTED_INCLUDE_IN_FRAMEWORK_HEADER = YES;
				CLANG_WARN_RANGE_LOOP_ANALYSIS = YES;
				CLANG_WARN_STRICT_PROTOTYPES = YES;
				CLANG_WARN_SUSPICIOUS_MOVE = YES;
				CLANG_WARN_UNGUARDED_AVAILABILITY = YES_AGGRESSIVE;
				CLANG_WARN_UNREACHABLE_CODE = YES;
				CLANG_WARN__DUPLICATE_METHOD_MATCH = YES;
				COPY_PHASE_STRIP = NO;
				DEBUG_INFORMATION_FORMAT = "dwarf-with-dsym";
				ENABLE_NS_ASSERTIONS = NO;
				ENABLE_STRICT_OBJC_MSGSEND = YES;
				GCC_C_LANGUAGE_STANDARD = gnu11;
				GCC_NO_COMMON_BLOCKS = YES;
				GCC_WARN_64_TO_32_BIT_CONVERSION = YES;
				GCC_WARN_ABOUT_RETURN_TYPE = YES_ERROR;
				GCC_WARN_UNDECLARED_SELECTOR = YES;
				GCC_WARN_UNINITIALIZED_AUTOS = YES_AGGRESSIVE;
				GCC_WARN_UNUSED_FUNCTION = YES;
				GCC_WARN_UNUSED_VARIABLE = YES;
				IPHONEOS_DEPLOYMENT_TARGET = 14.0;
				MTL_ENABLE_DEBUG_INFO = NO;
				MTL_FAST_MATH = YES;
				SDKROOT = iphoneos;
				SWIFT_COMPILATION_MODE = wholemodule;
				SWIFT_OPTIMIZATION_LEVEL = "-O";
				VALIDATE_PRODUCT = YES;
			};
			name = Release;
		};
		1653AD57252E94EE009F6BB8 /* Debug */ = {
			isa = XCBuildConfiguration;
			buildSettings = {
				ASSETCATALOG_COMPILER_APPICON_NAME = AppIcon;
				ASSETCATALOG_COMPILER_GLOBAL_ACCENT_COLOR_NAME = AccentColor;
				CODE_SIGN_STYLE = Automatic;
				DEVELOPMENT_ASSET_PATHS = "\"CS193p Lecture2/Preview Content\"";
				DEVELOPMENT_TEAM = A644ZHW7X8;
				ENABLE_PREVIEWS = YES;
				INFOPLIST_FILE = "CS193p Lecture2/Info.plist";
				IPHONEOS_DEPLOYMENT_TARGET = 14.0;
				LD_RUNPATH_SEARCH_PATHS = (
					"$(inherited)",
					"@executable_path/Frameworks",
				);
				PRODUCT_BUNDLE_IDENTIFIER = "jiu-keem.CS193p-Lecture2";
				PRODUCT_NAME = "$(TARGET_NAME)";
				SWIFT_VERSION = 5.0;
				TARGETED_DEVICE_FAMILY = "1,2";
			};
			name = Debug;
		};
		1653AD58252E94EE009F6BB8 /* Release */ = {
			isa = XCBuildConfiguration;
			buildSettings = {
				ASSETCATALOG_COMPILER_APPICON_NAME = AppIcon;
				ASSETCATALOG_COMPILER_GLOBAL_ACCENT_COLOR_NAME = AccentColor;
				CODE_SIGN_STYLE = Automatic;
				DEVELOPMENT_ASSET_PATHS = "\"CS193p Lecture2/Preview Content\"";
				DEVELOPMENT_TEAM = A644ZHW7X8;
				ENABLE_PREVIEWS = YES;
				INFOPLIST_FILE = "CS193p Lecture2/Info.plist";
				IPHONEOS_DEPLOYMENT_TARGET = 14.0;
				LD_RUNPATH_SEARCH_PATHS = (
					"$(inherited)",
					"@executable_path/Frameworks",
				);
				PRODUCT_BUNDLE_IDENTIFIER = "jiu-keem.CS193p-Lecture2";
				PRODUCT_NAME = "$(TARGET_NAME)";
				SWIFT_VERSION = 5.0;
				TARGETED_DEVICE_FAMILY = "1,2";
			};
			name = Release;
		};
/* End XCBuildConfiguration section */

/* Begin XCConfigurationList section */
		1653AD40252E94EA009F6BB8 /* Build configuration list for PBXProject "CS193p Lecture2" */ = {
			isa = XCConfigurationList;
			buildConfigurations = (
				1653AD54252E94EE009F6BB8 /* Debug */,
				1653AD55252E94EE009F6BB8 /* Release */,
			);
			defaultConfigurationIsVisible = 0;
			defaultConfigurationName = Release;
		};
		1653AD56252E94EE009F6BB8 /* Build configuration list for PBXNativeTarget "CS193p Lecture2" */ = {
			isa = XCConfigurationList;
			buildConfigurations = (
				1653AD57252E94EE009F6BB8 /* Debug */,
				1653AD58252E94EE009F6BB8 /* Release */,
			);
			defaultConfigurationIsVisible = 0;
			defaultConfigurationName = Release;
		};
/* End XCConfigurationList section */
	};
	rootObject = 1653AD3D252E94EA009F6BB8 /* Project object */;
}
